<?xml version="1.0" encoding="utf-8"?>
<Project ToolsVersion="4.0" xmlns="http://schemas.microsoft.com/developer/msbuild/2003">
  <ItemGroup>
    <Filter Include="Resource Files">
      <UniqueIdentifier>{D9D6E242-F8AF-46E4-B9FD-80ECBC20BA3E}</UniqueIdentifier>
      <Extensions>qrc;*</Extensions>
      <ParseFiles>false</ParseFiles>
    </Filter>
    <Filter Include="Resource Files">
      <UniqueIdentifier>{D9D6E242-F8AF-46E4-B9FD-80ECBC20BA3E}</UniqueIdentifier>
      <Extensions>qrc;*</Extensions>
      <ParseFiles>false</ParseFiles>
    </Filter>
    <Filter Include="Generated Files">
      <UniqueIdentifier>{71ED8ED8-ACB9-4CE9-BBE1-E00B30144E11}</UniqueIdentifier>
      <Extensions>moc;h;cpp</Extensions>
      <SourceControlFiles>False</SourceControlFiles>
    </Filter>
    <Filter Include="_src">
      <UniqueIdentifier>{dae615e2-4ec1-4485-8a46-ce792fdd48e9}</UniqueIdentifier>
    </Filter>
    <Filter Include="_src\SerialCommunicator">
      <UniqueIdentifier>{148562ea-f4fb-409b-a68b-f854ddcebcce}</UniqueIdentifier>
    </Filter>
    <Filter Include="Generated Files\Debug">
      <UniqueIdentifier>{6982d7be-6ee4-4ddb-aff6-741f0f9375fa}</UniqueIdentifier>
      <Extensions>cpp;moc</Extensions>
      <SourceControlFiles>False</SourceControlFiles>
    </Filter>
    <Filter Include="Generated Files\Release">
      <UniqueIdentifier>{27284ce2-a6ac-4092-ab14-bc0210ffcf36}</UniqueIdentifier>
      <Extensions>cpp;moc</Extensions>
      <SourceControlFiles>False</SourceControlFiles>
    </Filter>
  </ItemGroup>
  <ItemGroup>
    <ClCompile Include="main.cpp">
      <Filter>_src</Filter>
    </ClCompile>
    <ClCompile Include="SerialCommunicator.cpp">
      <Filter>_src\SerialCommunicator</Filter>
    </ClCompile>
    <ClCompile Include="GeneratedFiles\Debug\moc_SerialCommunicator.cpp">
      <Filter>Generated Files\Debug</Filter>
    </ClCompile>
    <ClCompile Include="GeneratedFiles\Release\moc_SerialCommunicator.cpp">
      <Filter>Generated Files\Release</Filter>
    </ClCompile>
  </ItemGroup>
  <ItemGroup>
    <CustomBuild Include="SerialCommunicator.h">
      <Filter>_src\SerialCommunicator</Filter>
    </CustomBuild>
  </ItemGroup>
</Project>