<?xml version="1.0" encoding="utf-8"?>
<Project ToolsVersion="4.0" xmlns="http://schemas.microsoft.com/developer/msbuild/2003">
  <ItemGroup>
    <Filter Include="Resource Files">
      <UniqueIdentifier>{D9D6E242-F8AF-46E4-B9FD-80ECBC20BA3E}</UniqueIdentifier>
      <Extensions>qrc;*</Extensions>
      <ParseFiles>false</ParseFiles>
    </Filter>
    <Filter Include="Resource Files">
      <UniqueIdentifier>{D9D6E242-F8AF-46E4-B9FD-80ECBC20BA3E}</UniqueIdentifier>
      <Extensions>qrc;*</Extensions>
      <ParseFiles>false</ParseFiles>
    </Filter>
    <Filter Include="Generated Files">
      <UniqueIdentifier>{71ED8ED8-ACB9-4CE9-BBE1-E00B30144E11}</UniqueIdentifier>
      <Extensions>moc;h;cpp</Extensions>
      <SourceControlFiles>False</SourceControlFiles>
    </Filter>
    <Filter Include="_scr">
      <UniqueIdentifier>{b6f40e2c-6a30-477e-a783-973446404b73}</UniqueIdentifier>
    </Filter>
    <Filter Include="_scr\InstrumentEnumerator">
      <UniqueIdentifier>{64de0554-f2aa-4b06-b2b1-ef06b9439e92}</UniqueIdentifier>
    </Filter>
    <Filter Include="_scr\Config">
      <UniqueIdentifier>{b720037d-9871-4b3a-917e-54c3ca1cc6fd}</UniqueIdentifier>
    </Filter>
    <Filter Include="_scr\SerialCommunicator">
      <UniqueIdentifier>{88c5c7ab-892d-4a95-a2e6-5cf516d8367d}</UniqueIdentifier>
    </Filter>
    <Filter Include="Generated Files\Debug">
      <UniqueIdentifier>{0e18dd13-6c4d-48c8-9fc3-e63741f23dcd}</UniqueIdentifier>
      <Extensions>cpp;moc</Extensions>
      <SourceControlFiles>False</SourceControlFiles>
    </Filter>
    <Filter Include="Generated Files\Release">
      <UniqueIdentifier>{23783bcd-8abb-4e6d-a64a-9fb2d10db3d2}</UniqueIdentifier>
      <Extensions>cpp;moc</Extensions>
      <SourceControlFiles>False</SourceControlFiles>
    </Filter>
    <Filter Include="_scr\ExternalStructures">
      <UniqueIdentifier>{4f57282a-fdbe-45f2-b01e-57764c809a89}</UniqueIdentifier>
    </Filter>
    <Filter Include="_scr\InstrumentOperator">
      <UniqueIdentifier>{a393c293-a8a1-4cd6-9c07-1cb1574420c1}</UniqueIdentifier>
    </Filter>
    <Filter Include="_scr\MainWindow">
      <UniqueIdentifier>{a2098341-09db-4e56-bf12-f3808d4481f7}</UniqueIdentifier>
    </Filter>
    <Filter Include="_scr\Log">
      <UniqueIdentifier>{1ba6f2b0-217e-4669-9ff0-ca752f93f82e}</UniqueIdentifier>
    </Filter>
    <Filter Include="_scr\ExperimentReader">
      <UniqueIdentifier>{c284b4cb-72f7-4fe9-bb8b-3f8531e7a72b}</UniqueIdentifier>
    </Filter>
    <Filter Include="_scr\Experiments">
      <UniqueIdentifier>{8289f32b-cdfb-4ee4-9fea-0673be5b2c79}</UniqueIdentifier>
    </Filter>
    <Filter Include="_scr\BuilderElements">
      <UniqueIdentifier>{086f936d-75b4-45bc-962f-69bc72677a14}</UniqueIdentifier>
    </Filter>
  </ItemGroup>
  <ItemGroup>
    <ClCompile Include="main.cpp">
      <Filter>_scr</Filter>
    </ClCompile>
    <ClCompile Include="InstrumentEnumerator.cpp">
      <Filter>_scr\InstrumentEnumerator</Filter>
    </ClCompile>
    <ClCompile Include="Config.cpp">
      <Filter>_scr\Config</Filter>
    </ClCompile>
    <ClCompile Include="GeneratedFiles\Debug\moc_SerialCommunicator.cpp">
      <Filter>Generated Files\Debug</Filter>
    </ClCompile>
    <ClCompile Include="GeneratedFiles\Release\moc_SerialCommunicator.cpp">
      <Filter>Generated Files\Release</Filter>
    </ClCompile>
    <ClCompile Include="SerialCommunicator.cpp">
      <Filter>_scr\SerialCommunicator</Filter>
    </ClCompile>
    <ClCompile Include="GeneratedFiles\Debug\moc_InstrumentOperator.cpp">
      <Filter>Generated Files\Debug</Filter>
    </ClCompile>
    <ClCompile Include="GeneratedFiles\Release\moc_InstrumentOperator.cpp">
      <Filter>Generated Files\Release</Filter>
    </ClCompile>
    <ClCompile Include="InstrumentOperator.cpp">
      <Filter>_scr\InstrumentOperator</Filter>
    </ClCompile>
    <ClCompile Include="MainWindow.cpp">
      <Filter>_scr\MainWindow</Filter>
    </ClCompile>
    <ClCompile Include="GeneratedFiles\Debug\moc_MainWindow.cpp">
      <Filter>Generated Files\Debug</Filter>
    </ClCompile>
    <ClCompile Include="GeneratedFiles\Release\moc_MainWindow.cpp">
      <Filter>Generated Files\Release</Filter>
    </ClCompile>
    <ClCompile Include="MainWindowUI.cpp">
      <Filter>_scr\MainWindow</Filter>
    </ClCompile>
    <ClCompile Include="Log.cpp">
      <Filter>_scr\Log</Filter>
    </ClCompile>
    <ClCompile Include="GeneratedFiles\Debug\moc_Log.cpp">
      <Filter>Generated Files\Debug</Filter>
    </ClCompile>
    <ClCompile Include="GeneratedFiles\Release\moc_Log.cpp">
      <Filter>Generated Files\Release</Filter>
    </ClCompile>
    <ClCompile Include="GeneratedFiles\qrc_GUI.cpp">
      <Filter>Generated Files</Filter>
    </ClCompile>
    <ClCompile Include="ExperimentReader.cpp">
      <Filter>_scr\ExperimentReader</Filter>
    </ClCompile>
    <ClCompile Include="GeneratedFiles\Debug\moc_InstrumentEnumerator.cpp">
      <Filter>Generated Files\Debug</Filter>
    </ClCompile>
    <ClCompile Include="GeneratedFiles\Release\moc_InstrumentEnumerator.cpp">
      <Filter>Generated Files\Release</Filter>
    </ClCompile>
    <ClCompile Include="GeneratedFiles\Debug\moc_SerialThread.cpp">
      <Filter>Generated Files\Debug</Filter>
    </ClCompile>
    <ClCompile Include="GeneratedFiles\Release\moc_SerialThread.cpp">
      <Filter>Generated Files\Release</Filter>
    </ClCompile>
    <ClCompile Include="SerialThread.cpp">
      <Filter>_scr\SerialCommunicator</Filter>
    </ClCompile>
    <ClCompile Include="ListSeriesData.cpp">
      <Filter>_scr\MainWindow</Filter>
    </ClCompile>
    <ClCompile Include="GeneratedFiles\Debug\moc_BuilderWidget.cpp">
      <Filter>Generated Files\Debug</Filter>
    </ClCompile>
    <ClCompile Include="GeneratedFiles\Release\moc_BuilderWidget.cpp">
      <Filter>Generated Files\Release</Filter>
    </ClCompile>
    <ClCompile Include="BuilderWidget.cpp">
      <Filter>Generated Files</Filter>
    </ClCompile>
    <ClCompile Include="ExperimentCalcHelper.cpp">
      <Filter>Generated Files\Debug</Filter>
    </ClCompile>
  </ItemGroup>
  <ItemGroup>
    <ClInclude Include="Config.h">
      <Filter>_scr\Config</Filter>
    </ClInclude>
    <ClInclude Include="InstrumentStructures.h">
      <Filter>_scr\InstrumentEnumerator</Filter>
    </ClInclude>
    <ClInclude Include="ExternalStructures.h">
      <Filter>_scr\ExternalStructures</Filter>
    </ClInclude>
    <ClInclude Include="UIHelper.hpp">
      <Filter>_scr\MainWindow</Filter>
    </ClInclude>
    <ClInclude Include="ExperimentUIHelper.h">
      <Filter>_scr\Experiments</Filter>
    </ClInclude>
    <ClInclude Include="ExperimentFactoryInterface.h">
      <Filter>_scr\Experiments</Filter>
    </ClInclude>
    <ClInclude Include="ListSeriesData.h">
      <Filter>_scr\MainWindow</Filter>
    </ClInclude>
    <ClInclude Include="AbstractBuilderElement.h">
      <Filter>_scr\BuilderElements</Filter>
    </ClInclude>
    <ClInclude Include="BuilderElementFactoryInterface.h">
      <Filter>_scr\BuilderElements</Filter>
    </ClInclude>
    <ClInclude Include="ExperimentCalcHelper.h">
      <Filter>Generated Files</Filter>
    </ClInclude>
    <ClInclude Include="Disconnector.h">
      <Filter>_scr\MainWindow</Filter>
    </ClInclude>
  </ItemGroup>
  <ItemGroup>
    <CustomBuild Include="SerialCommunicator.h">
      <Filter>_scr\SerialCommunicator</Filter>
    </CustomBuild>
    <CustomBuild Include="InstrumentOperator.h">
      <Filter>_scr\InstrumentOperator</Filter>
    </CustomBuild>
    <CustomBuild Include="MainWindow.h">
      <Filter>_scr\MainWindow</Filter>
    </CustomBuild>
    <CustomBuild Include="MainWindowUI.h">
      <Filter>_scr\MainWindow</Filter>
    </CustomBuild>
    <CustomBuild Include="Log.h">
      <Filter>_scr\Log</Filter>
    </CustomBuild>
    <CustomBuild Include="GUI.qrc">
      <Filter>Resource Files</Filter>
    </CustomBuild>
    <CustomBuild Include="ExperimentReader.h">
      <Filter>_scr\ExperimentReader</Filter>
    </CustomBuild>
    <CustomBuild Include="AbstractExperiment.h">
      <Filter>_scr\Experiments</Filter>
    </CustomBuild>
    <CustomBuild Include="InstrumentEnumerator.h">
      <Filter>_scr\InstrumentEnumerator</Filter>
    </CustomBuild>
    <CustomBuild Include="SerialThread.h">
      <Filter>_scr\SerialCommunicator</Filter>
    </CustomBuild>
    <CustomBuild Include="BuilderWidget.h">
      <Filter>_scr\MainWindow</Filter>
    </CustomBuild>
  </ItemGroup>
</Project>