
Microsoft Visual Studio Solution File, Format Version 12.00
# Visual Studio 14
VisualStudioVersion = 14.0.25420.1
MinimumVisualStudioVersion = 10.0.40219.1
Project("{8BC9CEB8-8B4A-11D0-8D11-00A0C91BC942}") = "_SquidStat", "SquidStat\SquidStat.vcxproj", "{B12702AD-ABFB-343A-A199-8E24837244A3}"
	ProjectSection(ProjectDependencies) = postProject
		{5AA8C601-F961-409C-9746-53A0BC73302A} = {5AA8C601-F961-409C-9746-53A0BC73302A}
		{57EF820D-234A-47BB-A316-BA268E6F219A} = {57EF820D-234A-47BB-A316-BA268E6F219A}
		{43BA3A0E-510E-425A-92A1-AA116A7340EF} = {43BA3A0E-510E-425A-92A1-AA116A7340EF}
		{6F472E22-D6FB-42B4-B59C-13E0FC0C67BC} = {6F472E22-D6FB-42B4-B59C-13E0FC0C67BC}
		{63BB4929-61A0-4CDB-843C-EB03C1E72EEA} = {63BB4929-61A0-4CDB-843C-EB03C1E72EEA}
		{A935E030-8579-4981-A92B-A8834F8B9244} = {A935E030-8579-4981-A92B-A8834F8B9244}
		{F3BB7E31-D22A-4BD9-B622-CB54FBD95758} = {F3BB7E31-D22A-4BD9-B622-CB54FBD95758}
		{5B18FD37-1B6D-462A-A162-FD5291C928A5} = {5B18FD37-1B6D-462A-A162-FD5291C928A5}
		{C8B3913A-7D55-411E-B9CA-DD94386AAF44} = {C8B3913A-7D55-411E-B9CA-DD94386AAF44}
		{43592045-6891-4721-860D-78BA68BB6A7C} = {43592045-6891-4721-860D-78BA68BB6A7C}
		{6E5BFE46-94C6-44F9-ADC9-9395691EF140} = {6E5BFE46-94C6-44F9-ADC9-9395691EF140}
		{32DE625E-DA5D-4BC6-9CA2-3C0C1261D2ED} = {32DE625E-DA5D-4BC6-9CA2-3C0C1261D2ED}
		{1AA1EE64-2B0B-4F0D-8084-2797315F3846} = {1AA1EE64-2B0B-4F0D-8084-2797315F3846}
		{B99E5968-3FAD-4E07-981C-0473ADCDFC38} = {B99E5968-3FAD-4E07-981C-0473ADCDFC38}
		{31D46A6E-D783-4B8C-8444-65967805CBC4} = {31D46A6E-D783-4B8C-8444-65967805CBC4}
		{C0FB2B7F-D12B-4C43-87A4-6CF046C2F262} = {C0FB2B7F-D12B-4C43-87A4-6CF046C2F262}
		{464E7A87-5075-41BE-A9F2-13DF88420F3F} = {464E7A87-5075-41BE-A9F2-13DF88420F3F}
		{81A7FE8F-03AD-4D4C-A354-6A27A63DFC16} = {81A7FE8F-03AD-4D4C-A354-6A27A63DFC16}
		{0686F89E-885B-4724-AD40-B400A4EBD86B} = {0686F89E-885B-4724-AD40-B400A4EBD86B}
		{3319B3A9-1C5D-44EB-A56E-5FE7F28F5E31} = {3319B3A9-1C5D-44EB-A56E-5FE7F28F5E31}
		{DA975AAD-F37C-4D7B-A541-62E75350E1D3} = {DA975AAD-F37C-4D7B-A541-62E75350E1D3}
		{5D37C1B0-5314-4C1D-856F-CE602C55CC61} = {5D37C1B0-5314-4C1D-856F-CE602C55CC61}
		{10849CB2-8676-4072-AA0A-31B833F93E07} = {10849CB2-8676-4072-AA0A-31B833F93E07}
		{247CE7C1-34CD-4F0C-8564-95918D2F34FB} = {247CE7C1-34CD-4F0C-8564-95918D2F34FB}
		{04CB34CA-1D40-4BC2-A007-E0835062D256} = {04CB34CA-1D40-4BC2-A007-E0835062D256}
		{5AFFEDCC-7EBB-4A13-9F3A-CBC52F23519E} = {5AFFEDCC-7EBB-4A13-9F3A-CBC52F23519E}
		{603405D8-42BB-4B46-ADFD-93377B1678E3} = {603405D8-42BB-4B46-ADFD-93377B1678E3}
		{251891EB-B16C-49ED-97DB-8B38A7A2660C} = {251891EB-B16C-49ED-97DB-8B38A7A2660C}
	EndProjectSection
EndProject
Project("{2150E333-8FDC-42A3-9474-1A3956D46DE8}") = "Experiments", "Experiments", "{654DB27D-514D-478B-B635-296AEEB8CA89}"
EndProject
Project("{8BC9CEB8-8B4A-11D0-8D11-00A0C91BC942}") = "CyclicVoltammetry", "Experiments\CyclicVoltammetry\CyclicVoltammetry.vcxproj", "{247CE7C1-34CD-4F0C-8564-95918D2F34FB}"
EndProject
Project("{8BC9CEB8-8B4A-11D0-8D11-00A0C91BC942}") = "NormalPulseVoltammetry", "Experiments\PulseVoltammetry\PulseVoltammetry.vcxproj", "{5B18FD37-1B6D-462A-A162-FD5291C928A5}"
EndProject
Project("{8BC9CEB8-8B4A-11D0-8D11-00A0C91BC942}") = "DiffPulseVoltammetry", "Experiments\DiffPulseVoltammetry\DiffPulseVoltammetry.vcxproj", "{F3BB7E31-D22A-4BD9-B622-CB54FBD95758}"
EndProject
Project("{8BC9CEB8-8B4A-11D0-8D11-00A0C91BC942}") = "ChargeDischargeDC", "Experiments\ChargeDischargeDC\ChargeDischargeDC.vcxproj", "{C0FB2B7F-D12B-4C43-87A4-6CF046C2F262}"
EndProject
Project("{8BC9CEB8-8B4A-11D0-8D11-00A0C91BC942}") = "EISPotentiostatic", "Experiments\EISPotentiostatic\EISPotentiostatic.vcxproj", "{C8B3913A-7D55-411E-B9CA-DD94386AAF44}"
EndProject
Project("{8BC9CEB8-8B4A-11D0-8D11-00A0C91BC942}") = "Chronoamperometry", "Experiments\Chronoamperometry\Chronoamperometry.vcxproj", "{464E7A87-5075-41BE-A9F2-13DF88420F3F}"
EndProject
Project("{8BC9CEB8-8B4A-11D0-8D11-00A0C91BC942}") = "Chronopotentiometry", "Experiments\Chronopotentiometry\Chronopotentiometry.vcxproj", "{43BA3A0E-510E-425A-92A1-AA116A7340EF}"
EndProject
Project("{2150E333-8FDC-42A3-9474-1A3956D46DE8}") = "BuilderElements", "BuilderElements", "{1C82C590-8906-4875-A80E-18325BB65BD9}"
EndProject
Project("{8BC9CEB8-8B4A-11D0-8D11-00A0C91BC942}") = "LinearSweepVoltammetry", "Experiments\LinearSweepVoltammetry\LinearSweepVoltammetry.vcxproj", "{43592045-6891-4721-860D-78BA68BB6A7C}"
EndProject
Project("{8BC9CEB8-8B4A-11D0-8D11-00A0C91BC942}") = "ConstantPotential", "BuilderElements\ConstantPotential\ConstantPotential.vcxproj", "{31D46A6E-D783-4B8C-8444-65967805CBC4}"
EndProject
Project("{8BC9CEB8-8B4A-11D0-8D11-00A0C91BC942}") = "ConstantPotentialAdv", "BuilderElements\ConstantPotentialAdv\ConstantPotentialAdv.vcxproj", "{251891EB-B16C-49ED-97DB-8B38A7A2660C}"
EndProject
Project("{8BC9CEB8-8B4A-11D0-8D11-00A0C91BC942}") = "DCPotentialSweep", "BuilderElements\DCPotentialSweep\DCPotentialSweep.vcxproj", "{04CB34CA-1D40-4BC2-A007-E0835062D256}"
EndProject
Project("{8BC9CEB8-8B4A-11D0-8D11-00A0C91BC942}") = "ConstantCurrent", "BuilderElements\ConstantCurrent\ConstantCurrent.vcxproj", "{6E5BFE46-94C6-44F9-ADC9-9395691EF140}"
EndProject
Project("{8BC9CEB8-8B4A-11D0-8D11-00A0C91BC942}") = "EISPotentiostatic", "BuilderElements\EISPotentiostatic\EISPotentiostatic.vcxproj", "{603405D8-42BB-4B46-ADFD-93377B1678E3}"
EndProject
Project("{8BC9CEB8-8B4A-11D0-8D11-00A0C91BC942}") = "EISGalvanostatic", "BuilderElements\EISGalvanostatic\EISGalvanostatic.vcxproj", "{32DE625E-DA5D-4BC6-9CA2-3C0C1261D2ED}"
EndProject
Project("{8BC9CEB8-8B4A-11D0-8D11-00A0C91BC942}") = "DCCurrentSweep", "BuilderElements\DCCurrentSweep\DCCurrentSweep.vcxproj", "{A935E030-8579-4981-A92B-A8834F8B9244}"
EndProject
Project("{8BC9CEB8-8B4A-11D0-8D11-00A0C91BC942}") = "NormalPulseVoltammetry", "BuilderElements\NormalPulseVoltammetry\NormalPulseVoltammetry.vcxproj", "{DA975AAD-F37C-4D7B-A541-62E75350E1D3}"
EndProject
Project("{8BC9CEB8-8B4A-11D0-8D11-00A0C91BC942}") = "DiffPulseVoltammetry", "BuilderElements\DiffPulseVoltammetry\DiffPulseVoltammetry.vcxproj", "{0686F89E-885B-4724-AD40-B400A4EBD86B}"
EndProject
Project("{8BC9CEB8-8B4A-11D0-8D11-00A0C91BC942}") = "ConstantResistance", "Experiments\ConstantResistance\ConstantResistance.vcxproj", "{FAAB33C1-7A0E-4AB5-8C5A-A28057EFE570}"
EndProject
Project("{8BC9CEB8-8B4A-11D0-8D11-00A0C91BC942}") = "ConstantPower", "Experiments\ConstantPower\ConstantPower.vcxproj", "{93D79FDA-8B30-4FAF-BF5E-A854F2D1F55F}"
EndProject
Project("{8BC9CEB8-8B4A-11D0-8D11-00A0C91BC942}") = "MaxPower", "Experiments\MaxPower\MaxPower.vcxproj", "{63BB4929-61A0-4CDB-843C-EB03C1E72EEA}"
EndProject
Project("{8BC9CEB8-8B4A-11D0-8D11-00A0C91BC942}") = "ConstantResistance", "BuilderElements\ConstantResistance\ConstantResistance.vcxproj", "{B99E5968-3FAD-4E07-981C-0473ADCDFC38}"
EndProject
Project("{8BC9CEB8-8B4A-11D0-8D11-00A0C91BC942}") = "ConstantPower", "BuilderElements\ConstantPower\ConstantPower.vcxproj", "{5AFFEDCC-7EBB-4A13-9F3A-CBC52F23519E}"
EndProject
Project("{8BC9CEB8-8B4A-11D0-8D11-00A0C91BC942}") = "MaxPower", "BuilderElements\MaxPower\MaxPower.vcxproj", "{81A7FE8F-03AD-4D4C-A354-6A27A63DFC16}"
EndProject
Project("{8BC9CEB8-8B4A-11D0-8D11-00A0C91BC942}") = "OpenCircuit", "Experiments\OpenCircuitPotential\OpenCircuit.vcxproj", "{10849CB2-8676-4072-AA0A-31B833F93E07}"
EndProject
Project("{8BC9CEB8-8B4A-11D0-8D11-00A0C91BC942}") = "OpenCircuit", "BuilderElements\OpenCircuit\OpenCircuit.vcxproj", "{3319B3A9-1C5D-44EB-A56E-5FE7F28F5E31}"
EndProject
Project("{8BC9CEB8-8B4A-11D0-8D11-00A0C91BC942}") = "NormalPulseVoltammetry_galv", "BuilderElements\NormalPulseVoltammetry_galv\NormalPulseVoltammetry_galv.vcxproj", "{1AA1EE64-2B0B-4F0D-8084-2797315F3846}"
EndProject
Project("{8BC9CEB8-8B4A-11D0-8D11-00A0C91BC942}") = "DiffPulseVoltammetry_galv", "BuilderElements\DiffPulseVoltammetry_galv\DiffPulseVoltammetry_galv.vcxproj", "{5AA8C601-F961-409C-9746-53A0BC73302A}"
EndProject
Project("{8BC9CEB8-8B4A-11D0-8D11-00A0C91BC942}") = "EISGalvanostatic", "Experiments\EISGalvanostatic\EISGalvanostatic.vcxproj", "{5D37C1B0-5314-4C1D-856F-CE602C55CC61}"
EndProject
Project("{8BC9CEB8-8B4A-11D0-8D11-00A0C91BC942}") = "SquidStatInstaller", "SquidStatInstaller\SquidStatInstaller.vcxproj", "{C4559F18-A0F4-4C51-BA01-34C57BEB2120}"
EndProject
Project("{8BC9CEB8-8B4A-11D0-8D11-00A0C91BC942}") = "ChargeDischargeDC2", "Experiments\ChargeDischargeDC2\ChargeDischargeDC2.vcxproj", "{57EF820D-234A-47BB-A316-BA268E6F219A}"
EndProject
Project("{8BC9CEB8-8B4A-11D0-8D11-00A0C91BC942}") = "CyclicVoltammetryElement", "BuilderElements\CyclicVoltammetryElement\CyclicVoltammetryElement.vcxproj", "{6F472E22-D6FB-42B4-B59C-13E0FC0C67BC}"
EndProject
Project("{8BC9CEB8-8B4A-11D0-8D11-00A0C91BC942}") = "GlucoseMonitoring", "Experiments\GlucoseMonitoring\GlucoseMonitoring.vcxproj", "{1C104BB1-DD68-41C6-A370-51B92645B061}"
EndProject
Project("{8BC9CEB8-8B4A-11D0-8D11-00A0C91BC942}") = "PhaseCalibration", "Experiments\PhaseCalibration\PhaseCalibration.vcxproj", "{401E0AF1-2C33-4FA7-A71F-E3AEF1184762}"
EndProject
Global
	GlobalSection(SolutionConfigurationPlatforms) = preSolution
		Debug|x64 = Debug|x64
		Debug|x86 = Debug|x86
		Release|x64 = Release|x64
		Release|x86 = Release|x86
	EndGlobalSection
	GlobalSection(ProjectConfigurationPlatforms) = postSolution
		{B12702AD-ABFB-343A-A199-8E24837244A3}.Debug|x64.ActiveCfg = Debug|Win32
		{B12702AD-ABFB-343A-A199-8E24837244A3}.Debug|x86.ActiveCfg = Debug|Win32
		{B12702AD-ABFB-343A-A199-8E24837244A3}.Debug|x86.Build.0 = Debug|Win32
		{B12702AD-ABFB-343A-A199-8E24837244A3}.Release|x64.ActiveCfg = Release|Win32
		{B12702AD-ABFB-343A-A199-8E24837244A3}.Release|x86.ActiveCfg = Release|Win32
		{B12702AD-ABFB-343A-A199-8E24837244A3}.Release|x86.Build.0 = Release|Win32
		{247CE7C1-34CD-4F0C-8564-95918D2F34FB}.Debug|x64.ActiveCfg = Debug|Win32
		{247CE7C1-34CD-4F0C-8564-95918D2F34FB}.Debug|x86.ActiveCfg = Debug|Win32
		{247CE7C1-34CD-4F0C-8564-95918D2F34FB}.Debug|x86.Build.0 = Debug|Win32
		{247CE7C1-34CD-4F0C-8564-95918D2F34FB}.Release|x64.ActiveCfg = Release|Win32
		{247CE7C1-34CD-4F0C-8564-95918D2F34FB}.Release|x86.ActiveCfg = Release|Win32
		{247CE7C1-34CD-4F0C-8564-95918D2F34FB}.Release|x86.Build.0 = Release|Win32
		{5B18FD37-1B6D-462A-A162-FD5291C928A5}.Debug|x64.ActiveCfg = Debug|Win32
		{5B18FD37-1B6D-462A-A162-FD5291C928A5}.Debug|x86.ActiveCfg = Debug|Win32
		{5B18FD37-1B6D-462A-A162-FD5291C928A5}.Debug|x86.Build.0 = Debug|Win32
		{5B18FD37-1B6D-462A-A162-FD5291C928A5}.Release|x64.ActiveCfg = Release|Win32
		{5B18FD37-1B6D-462A-A162-FD5291C928A5}.Release|x86.ActiveCfg = Release|Win32
		{5B18FD37-1B6D-462A-A162-FD5291C928A5}.Release|x86.Build.0 = Release|Win32
		{F3BB7E31-D22A-4BD9-B622-CB54FBD95758}.Debug|x64.ActiveCfg = Debug|Win32
		{F3BB7E31-D22A-4BD9-B622-CB54FBD95758}.Debug|x86.ActiveCfg = Debug|Win32
		{F3BB7E31-D22A-4BD9-B622-CB54FBD95758}.Debug|x86.Build.0 = Debug|Win32
		{F3BB7E31-D22A-4BD9-B622-CB54FBD95758}.Release|x64.ActiveCfg = Release|Win32
		{F3BB7E31-D22A-4BD9-B622-CB54FBD95758}.Release|x86.ActiveCfg = Release|Win32
		{F3BB7E31-D22A-4BD9-B622-CB54FBD95758}.Release|x86.Build.0 = Release|Win32
		{C0FB2B7F-D12B-4C43-87A4-6CF046C2F262}.Debug|x64.ActiveCfg = Debug|Win32
		{C0FB2B7F-D12B-4C43-87A4-6CF046C2F262}.Debug|x86.ActiveCfg = Debug|Win32
		{C0FB2B7F-D12B-4C43-87A4-6CF046C2F262}.Debug|x86.Build.0 = Debug|Win32
		{C0FB2B7F-D12B-4C43-87A4-6CF046C2F262}.Release|x64.ActiveCfg = Release|Win32
		{C0FB2B7F-D12B-4C43-87A4-6CF046C2F262}.Release|x86.ActiveCfg = Release|Win32
		{C0FB2B7F-D12B-4C43-87A4-6CF046C2F262}.Release|x86.Build.0 = Release|Win32
		{C8B3913A-7D55-411E-B9CA-DD94386AAF44}.Debug|x64.ActiveCfg = Debug|Win32
		{C8B3913A-7D55-411E-B9CA-DD94386AAF44}.Debug|x86.ActiveCfg = Debug|Win32
		{C8B3913A-7D55-411E-B9CA-DD94386AAF44}.Debug|x86.Build.0 = Debug|Win32
		{C8B3913A-7D55-411E-B9CA-DD94386AAF44}.Release|x64.ActiveCfg = Release|Win32
		{C8B3913A-7D55-411E-B9CA-DD94386AAF44}.Release|x86.ActiveCfg = Release|Win32
		{C8B3913A-7D55-411E-B9CA-DD94386AAF44}.Release|x86.Build.0 = Release|Win32
		{464E7A87-5075-41BE-A9F2-13DF88420F3F}.Debug|x64.ActiveCfg = Debug|Win32
		{464E7A87-5075-41BE-A9F2-13DF88420F3F}.Debug|x86.ActiveCfg = Debug|Win32
		{464E7A87-5075-41BE-A9F2-13DF88420F3F}.Debug|x86.Build.0 = Debug|Win32
		{464E7A87-5075-41BE-A9F2-13DF88420F3F}.Release|x64.ActiveCfg = Release|Win32
		{464E7A87-5075-41BE-A9F2-13DF88420F3F}.Release|x86.ActiveCfg = Release|Win32
		{464E7A87-5075-41BE-A9F2-13DF88420F3F}.Release|x86.Build.0 = Release|Win32
		{43BA3A0E-510E-425A-92A1-AA116A7340EF}.Debug|x64.ActiveCfg = Debug|Win32
		{43BA3A0E-510E-425A-92A1-AA116A7340EF}.Debug|x86.ActiveCfg = Debug|Win32
		{43BA3A0E-510E-425A-92A1-AA116A7340EF}.Debug|x86.Build.0 = Debug|Win32
		{43BA3A0E-510E-425A-92A1-AA116A7340EF}.Release|x64.ActiveCfg = Release|Win32
		{43BA3A0E-510E-425A-92A1-AA116A7340EF}.Release|x86.ActiveCfg = Release|Win32
		{43BA3A0E-510E-425A-92A1-AA116A7340EF}.Release|x86.Build.0 = Release|Win32
		{43592045-6891-4721-860D-78BA68BB6A7C}.Debug|x64.ActiveCfg = Debug|Win32
		{43592045-6891-4721-860D-78BA68BB6A7C}.Debug|x86.ActiveCfg = Debug|Win32
		{43592045-6891-4721-860D-78BA68BB6A7C}.Debug|x86.Build.0 = Debug|Win32
		{43592045-6891-4721-860D-78BA68BB6A7C}.Release|x64.ActiveCfg = Release|Win32
		{43592045-6891-4721-860D-78BA68BB6A7C}.Release|x86.ActiveCfg = Release|Win32
		{43592045-6891-4721-860D-78BA68BB6A7C}.Release|x86.Build.0 = Release|Win32
		{31D46A6E-D783-4B8C-8444-65967805CBC4}.Debug|x64.ActiveCfg = Debug|Win32
		{31D46A6E-D783-4B8C-8444-65967805CBC4}.Debug|x86.ActiveCfg = Debug|Win32
		{31D46A6E-D783-4B8C-8444-65967805CBC4}.Debug|x86.Build.0 = Debug|Win32
		{31D46A6E-D783-4B8C-8444-65967805CBC4}.Release|x64.ActiveCfg = Release|Win32
		{31D46A6E-D783-4B8C-8444-65967805CBC4}.Release|x86.ActiveCfg = Release|Win32
		{31D46A6E-D783-4B8C-8444-65967805CBC4}.Release|x86.Build.0 = Release|Win32
		{251891EB-B16C-49ED-97DB-8B38A7A2660C}.Debug|x64.ActiveCfg = Debug|Win32
		{251891EB-B16C-49ED-97DB-8B38A7A2660C}.Debug|x86.ActiveCfg = Debug|Win32
		{251891EB-B16C-49ED-97DB-8B38A7A2660C}.Debug|x86.Build.0 = Debug|Win32
		{251891EB-B16C-49ED-97DB-8B38A7A2660C}.Release|x64.ActiveCfg = Release|Win32
		{251891EB-B16C-49ED-97DB-8B38A7A2660C}.Release|x86.ActiveCfg = Release|Win32
		{251891EB-B16C-49ED-97DB-8B38A7A2660C}.Release|x86.Build.0 = Release|Win32
		{04CB34CA-1D40-4BC2-A007-E0835062D256}.Debug|x64.ActiveCfg = Debug|Win32
		{04CB34CA-1D40-4BC2-A007-E0835062D256}.Debug|x86.ActiveCfg = Debug|Win32
		{04CB34CA-1D40-4BC2-A007-E0835062D256}.Debug|x86.Build.0 = Debug|Win32
		{04CB34CA-1D40-4BC2-A007-E0835062D256}.Release|x64.ActiveCfg = Release|Win32
		{04CB34CA-1D40-4BC2-A007-E0835062D256}.Release|x86.ActiveCfg = Release|Win32
		{04CB34CA-1D40-4BC2-A007-E0835062D256}.Release|x86.Build.0 = Release|Win32
		{6E5BFE46-94C6-44F9-ADC9-9395691EF140}.Debug|x64.ActiveCfg = Debug|Win32
		{6E5BFE46-94C6-44F9-ADC9-9395691EF140}.Debug|x86.ActiveCfg = Debug|Win32
		{6E5BFE46-94C6-44F9-ADC9-9395691EF140}.Debug|x86.Build.0 = Debug|Win32
		{6E5BFE46-94C6-44F9-ADC9-9395691EF140}.Release|x64.ActiveCfg = Release|Win32
		{6E5BFE46-94C6-44F9-ADC9-9395691EF140}.Release|x86.ActiveCfg = Release|Win32
		{6E5BFE46-94C6-44F9-ADC9-9395691EF140}.Release|x86.Build.0 = Release|Win32
		{603405D8-42BB-4B46-ADFD-93377B1678E3}.Debug|x64.ActiveCfg = Debug|Win32
		{603405D8-42BB-4B46-ADFD-93377B1678E3}.Debug|x86.ActiveCfg = Debug|Win32
		{603405D8-42BB-4B46-ADFD-93377B1678E3}.Debug|x86.Build.0 = Debug|Win32
		{603405D8-42BB-4B46-ADFD-93377B1678E3}.Release|x64.ActiveCfg = Release|Win32
		{603405D8-42BB-4B46-ADFD-93377B1678E3}.Release|x86.ActiveCfg = Release|Win32
		{603405D8-42BB-4B46-ADFD-93377B1678E3}.Release|x86.Build.0 = Release|Win32
		{32DE625E-DA5D-4BC6-9CA2-3C0C1261D2ED}.Debug|x64.ActiveCfg = Debug|Win32
		{32DE625E-DA5D-4BC6-9CA2-3C0C1261D2ED}.Debug|x86.ActiveCfg = Debug|Win32
		{32DE625E-DA5D-4BC6-9CA2-3C0C1261D2ED}.Debug|x86.Build.0 = Debug|Win32
		{32DE625E-DA5D-4BC6-9CA2-3C0C1261D2ED}.Release|x64.ActiveCfg = Release|Win32
		{32DE625E-DA5D-4BC6-9CA2-3C0C1261D2ED}.Release|x86.ActiveCfg = Release|Win32
		{32DE625E-DA5D-4BC6-9CA2-3C0C1261D2ED}.Release|x86.Build.0 = Release|Win32
		{A935E030-8579-4981-A92B-A8834F8B9244}.Debug|x64.ActiveCfg = Debug|Win32
		{A935E030-8579-4981-A92B-A8834F8B9244}.Debug|x86.ActiveCfg = Debug|Win32
		{A935E030-8579-4981-A92B-A8834F8B9244}.Debug|x86.Build.0 = Debug|Win32
		{A935E030-8579-4981-A92B-A8834F8B9244}.Release|x64.ActiveCfg = Release|Win32
		{A935E030-8579-4981-A92B-A8834F8B9244}.Release|x86.ActiveCfg = Release|Win32
		{A935E030-8579-4981-A92B-A8834F8B9244}.Release|x86.Build.0 = Release|Win32
		{DA975AAD-F37C-4D7B-A541-62E75350E1D3}.Debug|x64.ActiveCfg = Debug|Win32
		{DA975AAD-F37C-4D7B-A541-62E75350E1D3}.Debug|x86.ActiveCfg = Debug|Win32
		{DA975AAD-F37C-4D7B-A541-62E75350E1D3}.Debug|x86.Build.0 = Debug|Win32
		{DA975AAD-F37C-4D7B-A541-62E75350E1D3}.Release|x64.ActiveCfg = Release|Win32
		{DA975AAD-F37C-4D7B-A541-62E75350E1D3}.Release|x86.ActiveCfg = Release|Win32
		{DA975AAD-F37C-4D7B-A541-62E75350E1D3}.Release|x86.Build.0 = Release|Win32
		{0686F89E-885B-4724-AD40-B400A4EBD86B}.Debug|x64.ActiveCfg = Debug|Win32
		{0686F89E-885B-4724-AD40-B400A4EBD86B}.Debug|x86.ActiveCfg = Debug|Win32
		{0686F89E-885B-4724-AD40-B400A4EBD86B}.Debug|x86.Build.0 = Debug|Win32
		{0686F89E-885B-4724-AD40-B400A4EBD86B}.Release|x64.ActiveCfg = Release|Win32
		{0686F89E-885B-4724-AD40-B400A4EBD86B}.Release|x86.ActiveCfg = Release|Win32
		{0686F89E-885B-4724-AD40-B400A4EBD86B}.Release|x86.Build.0 = Release|Win32
		{FAAB33C1-7A0E-4AB5-8C5A-A28057EFE570}.Debug|x64.ActiveCfg = Debug|Win32
		{FAAB33C1-7A0E-4AB5-8C5A-A28057EFE570}.Debug|x86.ActiveCfg = Debug|Win32
		{FAAB33C1-7A0E-4AB5-8C5A-A28057EFE570}.Debug|x86.Build.0 = Debug|Win32
		{FAAB33C1-7A0E-4AB5-8C5A-A28057EFE570}.Release|x64.ActiveCfg = Release|Win32
		{FAAB33C1-7A0E-4AB5-8C5A-A28057EFE570}.Release|x86.ActiveCfg = Release|Win32
		{FAAB33C1-7A0E-4AB5-8C5A-A28057EFE570}.Release|x86.Build.0 = Release|Win32
		{93D79FDA-8B30-4FAF-BF5E-A854F2D1F55F}.Debug|x64.ActiveCfg = Debug|Win32
		{93D79FDA-8B30-4FAF-BF5E-A854F2D1F55F}.Debug|x86.ActiveCfg = Debug|Win32
		{93D79FDA-8B30-4FAF-BF5E-A854F2D1F55F}.Debug|x86.Build.0 = Debug|Win32
		{93D79FDA-8B30-4FAF-BF5E-A854F2D1F55F}.Release|x64.ActiveCfg = Release|Win32
		{93D79FDA-8B30-4FAF-BF5E-A854F2D1F55F}.Release|x86.ActiveCfg = Release|Win32
		{93D79FDA-8B30-4FAF-BF5E-A854F2D1F55F}.Release|x86.Build.0 = Release|Win32
		{63BB4929-61A0-4CDB-843C-EB03C1E72EEA}.Debug|x64.ActiveCfg = Debug|Win32
		{63BB4929-61A0-4CDB-843C-EB03C1E72EEA}.Debug|x86.ActiveCfg = Debug|Win32
		{63BB4929-61A0-4CDB-843C-EB03C1E72EEA}.Debug|x86.Build.0 = Debug|Win32
		{63BB4929-61A0-4CDB-843C-EB03C1E72EEA}.Release|x64.ActiveCfg = Release|Win32
		{63BB4929-61A0-4CDB-843C-EB03C1E72EEA}.Release|x86.ActiveCfg = Release|Win32
		{63BB4929-61A0-4CDB-843C-EB03C1E72EEA}.Release|x86.Build.0 = Release|Win32
		{B99E5968-3FAD-4E07-981C-0473ADCDFC38}.Debug|x64.ActiveCfg = Debug|Win32
		{B99E5968-3FAD-4E07-981C-0473ADCDFC38}.Debug|x86.ActiveCfg = Debug|Win32
		{B99E5968-3FAD-4E07-981C-0473ADCDFC38}.Debug|x86.Build.0 = Debug|Win32
		{B99E5968-3FAD-4E07-981C-0473ADCDFC38}.Release|x64.ActiveCfg = Release|Win32
		{B99E5968-3FAD-4E07-981C-0473ADCDFC38}.Release|x86.ActiveCfg = Release|Win32
		{B99E5968-3FAD-4E07-981C-0473ADCDFC38}.Release|x86.Build.0 = Release|Win32
		{5AFFEDCC-7EBB-4A13-9F3A-CBC52F23519E}.Debug|x64.ActiveCfg = Debug|Win32
		{5AFFEDCC-7EBB-4A13-9F3A-CBC52F23519E}.Debug|x86.ActiveCfg = Debug|Win32
		{5AFFEDCC-7EBB-4A13-9F3A-CBC52F23519E}.Debug|x86.Build.0 = Debug|Win32
		{5AFFEDCC-7EBB-4A13-9F3A-CBC52F23519E}.Release|x64.ActiveCfg = Release|Win32
		{5AFFEDCC-7EBB-4A13-9F3A-CBC52F23519E}.Release|x86.ActiveCfg = Release|Win32
		{5AFFEDCC-7EBB-4A13-9F3A-CBC52F23519E}.Release|x86.Build.0 = Release|Win32
		{81A7FE8F-03AD-4D4C-A354-6A27A63DFC16}.Debug|x64.ActiveCfg = Debug|Win32
		{81A7FE8F-03AD-4D4C-A354-6A27A63DFC16}.Debug|x86.ActiveCfg = Debug|Win32
		{81A7FE8F-03AD-4D4C-A354-6A27A63DFC16}.Debug|x86.Build.0 = Debug|Win32
		{81A7FE8F-03AD-4D4C-A354-6A27A63DFC16}.Release|x64.ActiveCfg = Release|Win32
		{81A7FE8F-03AD-4D4C-A354-6A27A63DFC16}.Release|x86.ActiveCfg = Release|Win32
		{81A7FE8F-03AD-4D4C-A354-6A27A63DFC16}.Release|x86.Build.0 = Release|Win32
		{10849CB2-8676-4072-AA0A-31B833F93E07}.Debug|x64.ActiveCfg = Debug|Win32
		{10849CB2-8676-4072-AA0A-31B833F93E07}.Debug|x86.ActiveCfg = Debug|Win32
		{10849CB2-8676-4072-AA0A-31B833F93E07}.Debug|x86.Build.0 = Debug|Win32
		{10849CB2-8676-4072-AA0A-31B833F93E07}.Release|x64.ActiveCfg = Release|Win32
		{10849CB2-8676-4072-AA0A-31B833F93E07}.Release|x86.ActiveCfg = Release|Win32
		{10849CB2-8676-4072-AA0A-31B833F93E07}.Release|x86.Build.0 = Release|Win32
		{3319B3A9-1C5D-44EB-A56E-5FE7F28F5E31}.Debug|x64.ActiveCfg = Debug|Win32
		{3319B3A9-1C5D-44EB-A56E-5FE7F28F5E31}.Debug|x86.ActiveCfg = Debug|Win32
		{3319B3A9-1C5D-44EB-A56E-5FE7F28F5E31}.Debug|x86.Build.0 = Debug|Win32
		{3319B3A9-1C5D-44EB-A56E-5FE7F28F5E31}.Release|x64.ActiveCfg = Release|Win32
		{3319B3A9-1C5D-44EB-A56E-5FE7F28F5E31}.Release|x86.ActiveCfg = Release|Win32
		{3319B3A9-1C5D-44EB-A56E-5FE7F28F5E31}.Release|x86.Build.0 = Release|Win32
		{1AA1EE64-2B0B-4F0D-8084-2797315F3846}.Debug|x64.ActiveCfg = Debug|Win32
		{1AA1EE64-2B0B-4F0D-8084-2797315F3846}.Debug|x86.ActiveCfg = Debug|Win32
		{1AA1EE64-2B0B-4F0D-8084-2797315F3846}.Debug|x86.Build.0 = Debug|Win32
		{1AA1EE64-2B0B-4F0D-8084-2797315F3846}.Release|x64.ActiveCfg = Release|Win32
		{1AA1EE64-2B0B-4F0D-8084-2797315F3846}.Release|x86.ActiveCfg = Release|Win32
		{1AA1EE64-2B0B-4F0D-8084-2797315F3846}.Release|x86.Build.0 = Release|Win32
		{5AA8C601-F961-409C-9746-53A0BC73302A}.Debug|x64.ActiveCfg = Debug|Win32
		{5AA8C601-F961-409C-9746-53A0BC73302A}.Debug|x86.ActiveCfg = Debug|Win32
		{5AA8C601-F961-409C-9746-53A0BC73302A}.Debug|x86.Build.0 = Debug|Win32
		{5AA8C601-F961-409C-9746-53A0BC73302A}.Release|x64.ActiveCfg = Release|Win32
		{5AA8C601-F961-409C-9746-53A0BC73302A}.Release|x86.ActiveCfg = Release|Win32
		{5AA8C601-F961-409C-9746-53A0BC73302A}.Release|x86.Build.0 = Release|Win32
		{5D37C1B0-5314-4C1D-856F-CE602C55CC61}.Debug|x64.ActiveCfg = Debug|Win32
		{5D37C1B0-5314-4C1D-856F-CE602C55CC61}.Debug|x86.ActiveCfg = Debug|Win32
		{5D37C1B0-5314-4C1D-856F-CE602C55CC61}.Debug|x86.Build.0 = Debug|Win32
		{5D37C1B0-5314-4C1D-856F-CE602C55CC61}.Release|x64.ActiveCfg = Release|Win32
		{5D37C1B0-5314-4C1D-856F-CE602C55CC61}.Release|x86.ActiveCfg = Release|Win32
		{5D37C1B0-5314-4C1D-856F-CE602C55CC61}.Release|x86.Build.0 = Release|Win32
		{C4559F18-A0F4-4C51-BA01-34C57BEB2120}.Debug|x64.ActiveCfg = Debug|x64
		{C4559F18-A0F4-4C51-BA01-34C57BEB2120}.Debug|x64.Build.0 = Debug|x64
		{C4559F18-A0F4-4C51-BA01-34C57BEB2120}.Debug|x86.ActiveCfg = Debug|Win32
		{C4559F18-A0F4-4C51-BA01-34C57BEB2120}.Debug|x86.Build.0 = Debug|Win32
		{C4559F18-A0F4-4C51-BA01-34C57BEB2120}.Release|x64.ActiveCfg = Release|x64
		{C4559F18-A0F4-4C51-BA01-34C57BEB2120}.Release|x64.Build.0 = Release|x64
		{C4559F18-A0F4-4C51-BA01-34C57BEB2120}.Release|x86.ActiveCfg = Release|Win32
		{C4559F18-A0F4-4C51-BA01-34C57BEB2120}.Release|x86.Build.0 = Release|Win32
		{57EF820D-234A-47BB-A316-BA268E6F219A}.Debug|x64.ActiveCfg = Debug|Win32
		{57EF820D-234A-47BB-A316-BA268E6F219A}.Debug|x86.ActiveCfg = Debug|Win32
		{57EF820D-234A-47BB-A316-BA268E6F219A}.Debug|x86.Build.0 = Debug|Win32
		{57EF820D-234A-47BB-A316-BA268E6F219A}.Release|x64.ActiveCfg = Release|Win32
		{57EF820D-234A-47BB-A316-BA268E6F219A}.Release|x86.ActiveCfg = Release|Win32
		{57EF820D-234A-47BB-A316-BA268E6F219A}.Release|x86.Build.0 = Release|Win32
		{6F472E22-D6FB-42B4-B59C-13E0FC0C67BC}.Debug|x64.ActiveCfg = Debug|Win32
		{6F472E22-D6FB-42B4-B59C-13E0FC0C67BC}.Debug|x86.ActiveCfg = Debug|Win32
		{6F472E22-D6FB-42B4-B59C-13E0FC0C67BC}.Debug|x86.Build.0 = Debug|Win32
		{6F472E22-D6FB-42B4-B59C-13E0FC0C67BC}.Release|x64.ActiveCfg = Release|Win32
		{6F472E22-D6FB-42B4-B59C-13E0FC0C67BC}.Release|x86.ActiveCfg = Release|Win32
		{6F472E22-D6FB-42B4-B59C-13E0FC0C67BC}.Release|x86.Build.0 = Release|Win32
		{1C104BB1-DD68-41C6-A370-51B92645B061}.Debug|x64.ActiveCfg = Debug|Win32
		{1C104BB1-DD68-41C6-A370-51B92645B061}.Debug|x86.ActiveCfg = Debug|Win32
		{1C104BB1-DD68-41C6-A370-51B92645B061}.Debug|x86.Build.0 = Debug|Win32
		{1C104BB1-DD68-41C6-A370-51B92645B061}.Release|x64.ActiveCfg = Release|Win32
		{1C104BB1-DD68-41C6-A370-51B92645B061}.Release|x86.ActiveCfg = Release|Win32
		{1C104BB1-DD68-41C6-A370-51B92645B061}.Release|x86.Build.0 = Release|Win32
		{401E0AF1-2C33-4FA7-A71F-E3AEF1184762}.Debug|x64.ActiveCfg = Debug|Win32
		{401E0AF1-2C33-4FA7-A71F-E3AEF1184762}.Debug|x86.ActiveCfg = Debug|Win32
		{401E0AF1-2C33-4FA7-A71F-E3AEF1184762}.Debug|x86.Build.0 = Debug|Win32
		{401E0AF1-2C33-4FA7-A71F-E3AEF1184762}.Release|x64.ActiveCfg = Release|Win32
		{401E0AF1-2C33-4FA7-A71F-E3AEF1184762}.Release|x86.ActiveCfg = Release|Win32
		{401E0AF1-2C33-4FA7-A71F-E3AEF1184762}.Release|x86.Build.0 = Release|Win32
	EndGlobalSection
	GlobalSection(SolutionProperties) = preSolution
		HideSolutionNode = FALSE
	EndGlobalSection
	GlobalSection(NestedProjects) = preSolution
		{247CE7C1-34CD-4F0C-8564-95918D2F34FB} = {654DB27D-514D-478B-B635-296AEEB8CA89}
		{5B18FD37-1B6D-462A-A162-FD5291C928A5} = {654DB27D-514D-478B-B635-296AEEB8CA89}
		{F3BB7E31-D22A-4BD9-B622-CB54FBD95758} = {654DB27D-514D-478B-B635-296AEEB8CA89}
		{C0FB2B7F-D12B-4C43-87A4-6CF046C2F262} = {654DB27D-514D-478B-B635-296AEEB8CA89}
		{C8B3913A-7D55-411E-B9CA-DD94386AAF44} = {654DB27D-514D-478B-B635-296AEEB8CA89}
		{464E7A87-5075-41BE-A9F2-13DF88420F3F} = {654DB27D-514D-478B-B635-296AEEB8CA89}
		{43BA3A0E-510E-425A-92A1-AA116A7340EF} = {654DB27D-514D-478B-B635-296AEEB8CA89}
		{43592045-6891-4721-860D-78BA68BB6A7C} = {654DB27D-514D-478B-B635-296AEEB8CA89}
		{31D46A6E-D783-4B8C-8444-65967805CBC4} = {1C82C590-8906-4875-A80E-18325BB65BD9}
		{251891EB-B16C-49ED-97DB-8B38A7A2660C} = {1C82C590-8906-4875-A80E-18325BB65BD9}
		{04CB34CA-1D40-4BC2-A007-E0835062D256} = {1C82C590-8906-4875-A80E-18325BB65BD9}
		{6E5BFE46-94C6-44F9-ADC9-9395691EF140} = {1C82C590-8906-4875-A80E-18325BB65BD9}
		{603405D8-42BB-4B46-ADFD-93377B1678E3} = {1C82C590-8906-4875-A80E-18325BB65BD9}
		{32DE625E-DA5D-4BC6-9CA2-3C0C1261D2ED} = {1C82C590-8906-4875-A80E-18325BB65BD9}
		{A935E030-8579-4981-A92B-A8834F8B9244} = {1C82C590-8906-4875-A80E-18325BB65BD9}
		{DA975AAD-F37C-4D7B-A541-62E75350E1D3} = {1C82C590-8906-4875-A80E-18325BB65BD9}
		{0686F89E-885B-4724-AD40-B400A4EBD86B} = {1C82C590-8906-4875-A80E-18325BB65BD9}
		{FAAB33C1-7A0E-4AB5-8C5A-A28057EFE570} = {654DB27D-514D-478B-B635-296AEEB8CA89}
		{93D79FDA-8B30-4FAF-BF5E-A854F2D1F55F} = {654DB27D-514D-478B-B635-296AEEB8CA89}
		{63BB4929-61A0-4CDB-843C-EB03C1E72EEA} = {654DB27D-514D-478B-B635-296AEEB8CA89}
		{B99E5968-3FAD-4E07-981C-0473ADCDFC38} = {1C82C590-8906-4875-A80E-18325BB65BD9}
		{5AFFEDCC-7EBB-4A13-9F3A-CBC52F23519E} = {1C82C590-8906-4875-A80E-18325BB65BD9}
		{81A7FE8F-03AD-4D4C-A354-6A27A63DFC16} = {1C82C590-8906-4875-A80E-18325BB65BD9}
		{10849CB2-8676-4072-AA0A-31B833F93E07} = {654DB27D-514D-478B-B635-296AEEB8CA89}
		{3319B3A9-1C5D-44EB-A56E-5FE7F28F5E31} = {1C82C590-8906-4875-A80E-18325BB65BD9}
		{1AA1EE64-2B0B-4F0D-8084-2797315F3846} = {1C82C590-8906-4875-A80E-18325BB65BD9}
		{5AA8C601-F961-409C-9746-53A0BC73302A} = {1C82C590-8906-4875-A80E-18325BB65BD9}
		{5D37C1B0-5314-4C1D-856F-CE602C55CC61} = {654DB27D-514D-478B-B635-296AEEB8CA89}
		{57EF820D-234A-47BB-A316-BA268E6F219A} = {654DB27D-514D-478B-B635-296AEEB8CA89}
		{6F472E22-D6FB-42B4-B59C-13E0FC0C67BC} = {1C82C590-8906-4875-A80E-18325BB65BD9}
		{1C104BB1-DD68-41C6-A370-51B92645B061} = {654DB27D-514D-478B-B635-296AEEB8CA89}
		{401E0AF1-2C33-4FA7-A71F-E3AEF1184762} = {654DB27D-514D-478B-B635-296AEEB8CA89}
	EndGlobalSection
	GlobalSection(ExtensibilityGlobals) = postSolution
		Qt5Version = $(DefaultQtVersion)
	EndGlobalSection
EndGlobal
