
Microsoft Visual Studio Solution File, Format Version 12.00
# Visual Studio 14
VisualStudioVersion = 14.0.25420.1
MinimumVisualStudioVersion = 10.0.40219.1
Project("{8BC9CEB8-8B4A-11D0-8D11-00A0C91BC942}") = "_SquidStat", "SquidStat\SquidStat.vcxproj", "{B12702AD-ABFB-343A-A199-8E24837244A3}"
	ProjectSection(ProjectDependencies) = postProject
		{43BA3A0E-510E-425A-92A1-AA116A7340EF} = {43BA3A0E-510E-425A-92A1-AA116A7340EF}
		{A935E030-8579-4981-A92B-A8834F8B9244} = {A935E030-8579-4981-A92B-A8834F8B9244}
		{F3BB7E31-D22A-4BD9-B622-CB54FBD95758} = {F3BB7E31-D22A-4BD9-B622-CB54FBD95758}
		{5B18FD37-1B6D-462A-A162-FD5291C928A5} = {5B18FD37-1B6D-462A-A162-FD5291C928A5}
		{C8B3913A-7D55-411E-B9CA-DD94386AAF44} = {C8B3913A-7D55-411E-B9CA-DD94386AAF44}
		{43592045-6891-4721-860D-78BA68BB6A7C} = {43592045-6891-4721-860D-78BA68BB6A7C}
		{6E5BFE46-94C6-44F9-ADC9-9395691EF140} = {6E5BFE46-94C6-44F9-ADC9-9395691EF140}
		{32DE625E-DA5D-4BC6-9CA2-3C0C1261D2ED} = {32DE625E-DA5D-4BC6-9CA2-3C0C1261D2ED}
		{31D46A6E-D783-4B8C-8444-65967805CBC4} = {31D46A6E-D783-4B8C-8444-65967805CBC4}
		{C0FB2B7F-D12B-4C43-87A4-6CF046C2F262} = {C0FB2B7F-D12B-4C43-87A4-6CF046C2F262}
		{464E7A87-5075-41BE-A9F2-13DF88420F3F} = {464E7A87-5075-41BE-A9F2-13DF88420F3F}
		{0686F89E-885B-4724-AD40-B400A4EBD86B} = {0686F89E-885B-4724-AD40-B400A4EBD86B}
		{DA975AAD-F37C-4D7B-A541-62E75350E1D3} = {DA975AAD-F37C-4D7B-A541-62E75350E1D3}
		{247CE7C1-34CD-4F0C-8564-95918D2F34FB} = {247CE7C1-34CD-4F0C-8564-95918D2F34FB}
		{04CB34CA-1D40-4BC2-A007-E0835062D256} = {04CB34CA-1D40-4BC2-A007-E0835062D256}
		{603405D8-42BB-4B46-ADFD-93377B1678E3} = {603405D8-42BB-4B46-ADFD-93377B1678E3}
		{251891EB-B16C-49ED-97DB-8B38A7A2660C} = {251891EB-B16C-49ED-97DB-8B38A7A2660C}
	EndProjectSection
EndProject
Project("{2150E333-8FDC-42A3-9474-1A3956D46DE8}") = "Experiments", "Experiments", "{654DB27D-514D-478B-B635-296AEEB8CA89}"
EndProject
Project("{8BC9CEB8-8B4A-11D0-8D11-00A0C91BC942}") = "ExampleExperiment", "Experiments\ExampleExperiment\ExampleExperiment.vcxproj", "{30A251DE-4089-4203-9BD0-22CBDAF64A59}"
EndProject
Project("{8BC9CEB8-8B4A-11D0-8D11-00A0C91BC942}") = "CyclicVoltammetry", "Experiments\CyclicVoltammetry\CyclicVoltammetry.vcxproj", "{247CE7C1-34CD-4F0C-8564-95918D2F34FB}"
EndProject
Project("{8BC9CEB8-8B4A-11D0-8D11-00A0C91BC942}") = "NormalPulseVoltammetry", "Experiments\PulseVoltammetry\PulseVoltammetry.vcxproj", "{5B18FD37-1B6D-462A-A162-FD5291C928A5}"
EndProject
Project("{8BC9CEB8-8B4A-11D0-8D11-00A0C91BC942}") = "DiffPulseVoltammetry", "Experiments\DiffPulseVoltammetry\DiffPulseVoltammetry.vcxproj", "{F3BB7E31-D22A-4BD9-B622-CB54FBD95758}"
EndProject
Project("{8BC9CEB8-8B4A-11D0-8D11-00A0C91BC942}") = "ChargeDischargeDC", "Experiments\ChargeDischargeDC\ChargeDischargeDC.vcxproj", "{C0FB2B7F-D12B-4C43-87A4-6CF046C2F262}"
EndProject
Project("{8BC9CEB8-8B4A-11D0-8D11-00A0C91BC942}") = "EISPotentiostatic", "Experiments\EISPotentiostatic\EISPotentiostatic.vcxproj", "{C8B3913A-7D55-411E-B9CA-DD94386AAF44}"
EndProject
Project("{8BC9CEB8-8B4A-11D0-8D11-00A0C91BC942}") = "Chronoamperometry", "Experiments\Chronoamperometry\Chronoamperometry.vcxproj", "{464E7A87-5075-41BE-A9F2-13DF88420F3F}"
EndProject
Project("{8BC9CEB8-8B4A-11D0-8D11-00A0C91BC942}") = "Chronopotentiometry", "Experiments\Chronopotentiometry\Chronopotentiometry.vcxproj", "{43BA3A0E-510E-425A-92A1-AA116A7340EF}"
EndProject
Project("{2150E333-8FDC-42A3-9474-1A3956D46DE8}") = "BuilderElements", "BuilderElements", "{1C82C590-8906-4875-A80E-18325BB65BD9}"
EndProject
Project("{8BC9CEB8-8B4A-11D0-8D11-00A0C91BC942}") = "ExampleElement", "BuilderElements\ExampleElement\ExampleElement.vcxproj", "{E66B58BC-DB4D-4EF5-8A0B-D56A1E80510B}"
EndProject
Project("{8BC9CEB8-8B4A-11D0-8D11-00A0C91BC942}") = "LinearSweepVoltammetry", "Experiments\LinearSweepVoltammetry\LinearSweepVoltammetry.vcxproj", "{43592045-6891-4721-860D-78BA68BB6A7C}"
EndProject
Project("{8BC9CEB8-8B4A-11D0-8D11-00A0C91BC942}") = "ConstantPotential", "BuilderElements\ConstantPotential\ConstantPotential.vcxproj", "{31D46A6E-D783-4B8C-8444-65967805CBC4}"
EndProject
Project("{8BC9CEB8-8B4A-11D0-8D11-00A0C91BC942}") = "ConstantPotentialAdv", "BuilderElements\ConstantPotentialAdv\ConstantPotentialAdv.vcxproj", "{251891EB-B16C-49ED-97DB-8B38A7A2660C}"
EndProject
Project("{8BC9CEB8-8B4A-11D0-8D11-00A0C91BC942}") = "DCPotentialSweep", "BuilderElements\DCPotentialSweep\DCPotentialSweep.vcxproj", "{04CB34CA-1D40-4BC2-A007-E0835062D256}"
EndProject
Project("{8BC9CEB8-8B4A-11D0-8D11-00A0C91BC942}") = "ConstantCurrent", "BuilderElements\ConstantCurrent\ConstantCurrent.vcxproj", "{6E5BFE46-94C6-44F9-ADC9-9395691EF140}"
EndProject
Project("{8BC9CEB8-8B4A-11D0-8D11-00A0C91BC942}") = "EISPotentiostatic", "BuilderElements\EISPotentiostatic\EISPotentiostatic.vcxproj", "{603405D8-42BB-4B46-ADFD-93377B1678E3}"
EndProject
Project("{8BC9CEB8-8B4A-11D0-8D11-00A0C91BC942}") = "EISGalvanostatic", "BuilderElements\EISGalvanostatic\EISGalvanostatic.vcxproj", "{32DE625E-DA5D-4BC6-9CA2-3C0C1261D2ED}"
EndProject
Project("{8BC9CEB8-8B4A-11D0-8D11-00A0C91BC942}") = "DCCurrentSweep", "BuilderElements\DCCurrentSweep\DCCurrentSweep.vcxproj", "{A935E030-8579-4981-A92B-A8834F8B9244}"
EndProject
Project("{8BC9CEB8-8B4A-11D0-8D11-00A0C91BC942}") = "NormalPulseVoltammetry", "BuilderElements\NormalPulseVoltammetry\NormalPulseVoltammetry.vcxproj", "{DA975AAD-F37C-4D7B-A541-62E75350E1D3}"
EndProject
Project("{8BC9CEB8-8B4A-11D0-8D11-00A0C91BC942}") = "DiffPulseVoltammetry", "BuilderElements\DiffPulseVoltammetry\DiffPulseVoltammetry.vcxproj", "{0686F89E-885B-4724-AD40-B400A4EBD86B}"
EndProject
Global
	GlobalSection(SolutionConfigurationPlatforms) = preSolution
		Debug|x86 = Debug|x86
		Release|x86 = Release|x86
	EndGlobalSection
	GlobalSection(ProjectConfigurationPlatforms) = postSolution
		{B12702AD-ABFB-343A-A199-8E24837244A3}.Debug|x86.ActiveCfg = Debug|Win32
		{B12702AD-ABFB-343A-A199-8E24837244A3}.Debug|x86.Build.0 = Debug|Win32
		{B12702AD-ABFB-343A-A199-8E24837244A3}.Release|x86.ActiveCfg = Release|Win32
		{B12702AD-ABFB-343A-A199-8E24837244A3}.Release|x86.Build.0 = Release|Win32
		{30A251DE-4089-4203-9BD0-22CBDAF64A59}.Debug|x86.ActiveCfg = Debug|Win32
		{30A251DE-4089-4203-9BD0-22CBDAF64A59}.Debug|x86.Build.0 = Debug|Win32
		{30A251DE-4089-4203-9BD0-22CBDAF64A59}.Release|x86.ActiveCfg = Release|Win32
		{30A251DE-4089-4203-9BD0-22CBDAF64A59}.Release|x86.Build.0 = Release|Win32
		{247CE7C1-34CD-4F0C-8564-95918D2F34FB}.Debug|x86.ActiveCfg = Debug|Win32
		{247CE7C1-34CD-4F0C-8564-95918D2F34FB}.Debug|x86.Build.0 = Debug|Win32
		{247CE7C1-34CD-4F0C-8564-95918D2F34FB}.Release|x86.ActiveCfg = Release|Win32
		{247CE7C1-34CD-4F0C-8564-95918D2F34FB}.Release|x86.Build.0 = Release|Win32
		{5B18FD37-1B6D-462A-A162-FD5291C928A5}.Debug|x86.ActiveCfg = Debug|Win32
		{5B18FD37-1B6D-462A-A162-FD5291C928A5}.Debug|x86.Build.0 = Debug|Win32
		{5B18FD37-1B6D-462A-A162-FD5291C928A5}.Release|x86.ActiveCfg = Release|Win32
		{5B18FD37-1B6D-462A-A162-FD5291C928A5}.Release|x86.Build.0 = Release|Win32
		{F3BB7E31-D22A-4BD9-B622-CB54FBD95758}.Debug|x86.ActiveCfg = Debug|Win32
		{F3BB7E31-D22A-4BD9-B622-CB54FBD95758}.Debug|x86.Build.0 = Debug|Win32
		{F3BB7E31-D22A-4BD9-B622-CB54FBD95758}.Release|x86.ActiveCfg = Release|Win32
		{F3BB7E31-D22A-4BD9-B622-CB54FBD95758}.Release|x86.Build.0 = Release|Win32
		{C0FB2B7F-D12B-4C43-87A4-6CF046C2F262}.Debug|x86.ActiveCfg = Debug|Win32
		{C0FB2B7F-D12B-4C43-87A4-6CF046C2F262}.Debug|x86.Build.0 = Debug|Win32
		{C0FB2B7F-D12B-4C43-87A4-6CF046C2F262}.Release|x86.ActiveCfg = Release|Win32
		{C0FB2B7F-D12B-4C43-87A4-6CF046C2F262}.Release|x86.Build.0 = Release|Win32
		{C8B3913A-7D55-411E-B9CA-DD94386AAF44}.Debug|x86.ActiveCfg = Debug|Win32
		{C8B3913A-7D55-411E-B9CA-DD94386AAF44}.Debug|x86.Build.0 = Debug|Win32
		{C8B3913A-7D55-411E-B9CA-DD94386AAF44}.Release|x86.ActiveCfg = Release|Win32
		{C8B3913A-7D55-411E-B9CA-DD94386AAF44}.Release|x86.Build.0 = Release|Win32
		{464E7A87-5075-41BE-A9F2-13DF88420F3F}.Debug|x86.ActiveCfg = Debug|Win32
		{464E7A87-5075-41BE-A9F2-13DF88420F3F}.Debug|x86.Build.0 = Debug|Win32
		{464E7A87-5075-41BE-A9F2-13DF88420F3F}.Release|x86.ActiveCfg = Release|Win32
		{464E7A87-5075-41BE-A9F2-13DF88420F3F}.Release|x86.Build.0 = Release|Win32
		{43BA3A0E-510E-425A-92A1-AA116A7340EF}.Debug|x86.ActiveCfg = Debug|Win32
		{43BA3A0E-510E-425A-92A1-AA116A7340EF}.Debug|x86.Build.0 = Debug|Win32
		{43BA3A0E-510E-425A-92A1-AA116A7340EF}.Release|x86.ActiveCfg = Release|Win32
		{43BA3A0E-510E-425A-92A1-AA116A7340EF}.Release|x86.Build.0 = Release|Win32
		{E66B58BC-DB4D-4EF5-8A0B-D56A1E80510B}.Debug|x86.ActiveCfg = Debug|Win32
		{E66B58BC-DB4D-4EF5-8A0B-D56A1E80510B}.Debug|x86.Build.0 = Debug|Win32
		{E66B58BC-DB4D-4EF5-8A0B-D56A1E80510B}.Release|x86.ActiveCfg = Release|Win32
		{E66B58BC-DB4D-4EF5-8A0B-D56A1E80510B}.Release|x86.Build.0 = Release|Win32
		{43592045-6891-4721-860D-78BA68BB6A7C}.Debug|x86.ActiveCfg = Debug|Win32
		{43592045-6891-4721-860D-78BA68BB6A7C}.Debug|x86.Build.0 = Debug|Win32
		{43592045-6891-4721-860D-78BA68BB6A7C}.Release|x86.ActiveCfg = Release|Win32
		{43592045-6891-4721-860D-78BA68BB6A7C}.Release|x86.Build.0 = Release|Win32
		{31D46A6E-D783-4B8C-8444-65967805CBC4}.Debug|x86.ActiveCfg = Debug|Win32
		{31D46A6E-D783-4B8C-8444-65967805CBC4}.Debug|x86.Build.0 = Debug|Win32
		{31D46A6E-D783-4B8C-8444-65967805CBC4}.Release|x86.ActiveCfg = Release|Win32
		{31D46A6E-D783-4B8C-8444-65967805CBC4}.Release|x86.Build.0 = Release|Win32
		{251891EB-B16C-49ED-97DB-8B38A7A2660C}.Debug|x86.ActiveCfg = Debug|Win32
		{251891EB-B16C-49ED-97DB-8B38A7A2660C}.Debug|x86.Build.0 = Debug|Win32
		{251891EB-B16C-49ED-97DB-8B38A7A2660C}.Release|x86.ActiveCfg = Release|Win32
		{251891EB-B16C-49ED-97DB-8B38A7A2660C}.Release|x86.Build.0 = Release|Win32
		{04CB34CA-1D40-4BC2-A007-E0835062D256}.Debug|x86.ActiveCfg = Debug|Win32
		{04CB34CA-1D40-4BC2-A007-E0835062D256}.Debug|x86.Build.0 = Debug|Win32
		{04CB34CA-1D40-4BC2-A007-E0835062D256}.Release|x86.ActiveCfg = Release|Win32
		{04CB34CA-1D40-4BC2-A007-E0835062D256}.Release|x86.Build.0 = Release|Win32
		{6E5BFE46-94C6-44F9-ADC9-9395691EF140}.Debug|x86.ActiveCfg = Debug|Win32
		{6E5BFE46-94C6-44F9-ADC9-9395691EF140}.Debug|x86.Build.0 = Debug|Win32
		{6E5BFE46-94C6-44F9-ADC9-9395691EF140}.Release|x86.ActiveCfg = Release|Win32
		{6E5BFE46-94C6-44F9-ADC9-9395691EF140}.Release|x86.Build.0 = Release|Win32
		{603405D8-42BB-4B46-ADFD-93377B1678E3}.Debug|x86.ActiveCfg = Debug|Win32
		{603405D8-42BB-4B46-ADFD-93377B1678E3}.Debug|x86.Build.0 = Debug|Win32
		{603405D8-42BB-4B46-ADFD-93377B1678E3}.Release|x86.ActiveCfg = Release|Win32
		{603405D8-42BB-4B46-ADFD-93377B1678E3}.Release|x86.Build.0 = Release|Win32
		{32DE625E-DA5D-4BC6-9CA2-3C0C1261D2ED}.Debug|x86.ActiveCfg = Debug|Win32
		{32DE625E-DA5D-4BC6-9CA2-3C0C1261D2ED}.Debug|x86.Build.0 = Debug|Win32
		{32DE625E-DA5D-4BC6-9CA2-3C0C1261D2ED}.Release|x86.ActiveCfg = Release|Win32
		{32DE625E-DA5D-4BC6-9CA2-3C0C1261D2ED}.Release|x86.Build.0 = Release|Win32
		{A935E030-8579-4981-A92B-A8834F8B9244}.Debug|x86.ActiveCfg = Debug|Win32
		{A935E030-8579-4981-A92B-A8834F8B9244}.Debug|x86.Build.0 = Debug|Win32
		{A935E030-8579-4981-A92B-A8834F8B9244}.Release|x86.ActiveCfg = Release|Win32
		{A935E030-8579-4981-A92B-A8834F8B9244}.Release|x86.Build.0 = Release|Win32
		{DA975AAD-F37C-4D7B-A541-62E75350E1D3}.Debug|x86.ActiveCfg = Debug|Win32
		{DA975AAD-F37C-4D7B-A541-62E75350E1D3}.Debug|x86.Build.0 = Debug|Win32
		{DA975AAD-F37C-4D7B-A541-62E75350E1D3}.Release|x86.ActiveCfg = Release|Win32
		{DA975AAD-F37C-4D7B-A541-62E75350E1D3}.Release|x86.Build.0 = Release|Win32
		{0686F89E-885B-4724-AD40-B400A4EBD86B}.Debug|x86.ActiveCfg = Debug|Win32
		{0686F89E-885B-4724-AD40-B400A4EBD86B}.Debug|x86.Build.0 = Debug|Win32
		{0686F89E-885B-4724-AD40-B400A4EBD86B}.Release|x86.ActiveCfg = Release|Win32
		{0686F89E-885B-4724-AD40-B400A4EBD86B}.Release|x86.Build.0 = Release|Win32
	EndGlobalSection
	GlobalSection(SolutionProperties) = preSolution
		HideSolutionNode = FALSE
	EndGlobalSection
	GlobalSection(NestedProjects) = preSolution
		{30A251DE-4089-4203-9BD0-22CBDAF64A59} = {654DB27D-514D-478B-B635-296AEEB8CA89}
		{247CE7C1-34CD-4F0C-8564-95918D2F34FB} = {654DB27D-514D-478B-B635-296AEEB8CA89}
		{5B18FD37-1B6D-462A-A162-FD5291C928A5} = {654DB27D-514D-478B-B635-296AEEB8CA89}
		{F3BB7E31-D22A-4BD9-B622-CB54FBD95758} = {654DB27D-514D-478B-B635-296AEEB8CA89}
		{C0FB2B7F-D12B-4C43-87A4-6CF046C2F262} = {654DB27D-514D-478B-B635-296AEEB8CA89}
		{C8B3913A-7D55-411E-B9CA-DD94386AAF44} = {654DB27D-514D-478B-B635-296AEEB8CA89}
		{464E7A87-5075-41BE-A9F2-13DF88420F3F} = {654DB27D-514D-478B-B635-296AEEB8CA89}
		{43BA3A0E-510E-425A-92A1-AA116A7340EF} = {654DB27D-514D-478B-B635-296AEEB8CA89}
		{E66B58BC-DB4D-4EF5-8A0B-D56A1E80510B} = {1C82C590-8906-4875-A80E-18325BB65BD9}
		{43592045-6891-4721-860D-78BA68BB6A7C} = {654DB27D-514D-478B-B635-296AEEB8CA89}
		{31D46A6E-D783-4B8C-8444-65967805CBC4} = {1C82C590-8906-4875-A80E-18325BB65BD9}
		{251891EB-B16C-49ED-97DB-8B38A7A2660C} = {1C82C590-8906-4875-A80E-18325BB65BD9}
		{04CB34CA-1D40-4BC2-A007-E0835062D256} = {1C82C590-8906-4875-A80E-18325BB65BD9}
		{6E5BFE46-94C6-44F9-ADC9-9395691EF140} = {1C82C590-8906-4875-A80E-18325BB65BD9}
		{603405D8-42BB-4B46-ADFD-93377B1678E3} = {1C82C590-8906-4875-A80E-18325BB65BD9}
		{32DE625E-DA5D-4BC6-9CA2-3C0C1261D2ED} = {1C82C590-8906-4875-A80E-18325BB65BD9}
		{A935E030-8579-4981-A92B-A8834F8B9244} = {1C82C590-8906-4875-A80E-18325BB65BD9}
		{DA975AAD-F37C-4D7B-A541-62E75350E1D3} = {1C82C590-8906-4875-A80E-18325BB65BD9}
		{0686F89E-885B-4724-AD40-B400A4EBD86B} = {1C82C590-8906-4875-A80E-18325BB65BD9}
	EndGlobalSection
	GlobalSection(ExtensibilityGlobals) = postSolution
		Qt5Version = $(DefaultQtVersion)
	EndGlobalSection
EndGlobal
